
Microsoft Visual Studio Solution File, Format Version 12.00
# Visual Studio Version 16
VisualStudioVersion = 16.0.31702.278
MinimumVisualStudioVersion = 10.0.40219.1
Project("{FAE04EC0-301F-11D3-BF4B-00C04F79EFBC}") = "DataAccessLayer", "DataAccessLayer\DataAccessLayer.csproj", "{71BBA9F5-93CD-4171-BE9E-45C2EF32EE04}"
EndProject
Project("{FAE04EC0-301F-11D3-BF4B-00C04F79EFBC}") = "BuisenessLogicLayer", "BuisenessLogicLayer\BuisenessLogicLayer.csproj", "{791DE035-3A23-4D36-B552-5A8BF8F0B8E3}"
EndProject
Project("{FAE04EC0-301F-11D3-BF4B-00C04F79EFBC}") = "PhotoStockWebAPI", "PhotoStockWebAPI\PhotoStockWebAPI.csproj", "{7DCF32A1-28A9-42F0-A7C0-F0432F74E268}"
EndProject
Global
	GlobalSection(SolutionConfigurationPlatforms) = preSolution
		Debug|Any CPU = Debug|Any CPU
		Release|Any CPU = Release|Any CPU
	EndGlobalSection
	GlobalSection(ProjectConfigurationPlatforms) = postSolution
		{71BBA9F5-93CD-4171-BE9E-45C2EF32EE04}.Debug|Any CPU.ActiveCfg = Debug|Any CPU
		{71BBA9F5-93CD-4171-BE9E-45C2EF32EE04}.Debug|Any CPU.Build.0 = Debug|Any CPU
		{71BBA9F5-93CD-4171-BE9E-45C2EF32EE04}.Release|Any CPU.ActiveCfg = Release|Any CPU
		{71BBA9F5-93CD-4171-BE9E-45C2EF32EE04}.Release|Any CPU.Build.0 = Release|Any CPU
		{791DE035-3A23-4D36-B552-5A8BF8F0B8E3}.Debug|Any CPU.ActiveCfg = Debug|Any CPU
		{791DE035-3A23-4D36-B552-5A8BF8F0B8E3}.Debug|Any CPU.Build.0 = Debug|Any CPU
		{791DE035-3A23-4D36-B552-5A8BF8F0B8E3}.Release|Any CPU.ActiveCfg = Release|Any CPU
		{791DE035-3A23-4D36-B552-5A8BF8F0B8E3}.Release|Any CPU.Build.0 = Release|Any CPU
		{7DCF32A1-28A9-42F0-A7C0-F0432F74E268}.Debug|Any CPU.ActiveCfg = Debug|Any CPU
		{7DCF32A1-28A9-42F0-A7C0-F0432F74E268}.Debug|Any CPU.Build.0 = Debug|Any CPU
		{7DCF32A1-28A9-42F0-A7C0-F0432F74E268}.Release|Any CPU.ActiveCfg = Release|Any CPU
		{7DCF32A1-28A9-42F0-A7C0-F0432F74E268}.Release|Any CPU.Build.0 = Release|Any CPU
	EndGlobalSection
	GlobalSection(SolutionProperties) = preSolution
		HideSolutionNode = FALSE
	EndGlobalSection
	GlobalSection(ExtensibilityGlobals) = postSolution
		SolutionGuid = {75605608-CBFE-4E53-B5A8-ABB22A60350B}
	EndGlobalSection
EndGlobal
